
Microsoft Visual Studio Solution File, Format Version 12.00
# Visual Studio Version 17
VisualStudioVersion = 17.6.33723.286
MinimumVisualStudioVersion = 10.0.40219.1
Project("{8BC9CEB8-8B4A-11D0-8D11-00A0C91BC942}") = "lab2_2", "lab2_2.vcxproj", "{210BE0E7-DE8F-4233-9B87-582C9E26CB51}"
EndProject
Global
	GlobalSection(SolutionConfigurationPlatforms) = preSolution
		Debug|x64 = Debug|x64
		Debug|x86 = Debug|x86
		Release|x64 = Release|x64
		Release|x86 = Release|x86
	EndGlobalSection
	GlobalSection(ProjectConfigurationPlatforms) = postSolution
		{210BE0E7-DE8F-4233-9B87-582C9E26CB51}.Debug|x64.ActiveCfg = Debug|x64
		{210BE0E7-DE8F-4233-9B87-582C9E26CB51}.Debug|x64.Build.0 = Debug|x64
		{210BE0E7-DE8F-4233-9B87-582C9E26CB51}.Debug|x86.ActiveCfg = Debug|Win32
		{210BE0E7-DE8F-4233-9B87-582C9E26CB51}.Debug|x86.Build.0 = Debug|Win32
		{210BE0E7-DE8F-4233-9B87-582C9E26CB51}.Release|x64.ActiveCfg = Release|x64
		{210BE0E7-DE8F-4233-9B87-582C9E26CB51}.Release|x64.Build.0 = Release|x64
		{210BE0E7-DE8F-4233-9B87-582C9E26CB51}.Release|x86.ActiveCfg = Release|Win32
		{210BE0E7-DE8F-4233-9B87-582C9E26CB51}.Release|x86.Build.0 = Release|Win32
	EndGlobalSection
	GlobalSection(SolutionProperties) = preSolution
		HideSolutionNode = FALSE
	EndGlobalSection
	GlobalSection(ExtensibilityGlobals) = postSolution
		SolutionGuid = {54E94955-4C3B-40A6-A569-3F33025A1B99}
	EndGlobalSection
EndGlobal
